// !$*UTF8*$!
{
	archiveVersion = 1;
	classes = {
	};
	objectVersion = 46;
	objects = {

/* Begin PBXBuildFile section */
		0342755A1A25558E00B66342 /* main.m in Sources */ = {isa = PBXBuildFile; fileRef = 034275591A25558E00B66342 /* main.m */; };
		0342755D1A25558E00B66342 /* AppDelegate.m in Sources */ = {isa = PBXBuildFile; fileRef = 0342755C1A25558E00B66342 /* AppDelegate.m */; };
		034275661A25558E00B66342 /* PhotosPicker.storyboard in Resources */ = {isa = PBXBuildFile; fileRef = 034275641A25558E00B66342 /* PhotosPicker.storyboard */; };
		034275681A25558E00B66342 /* Images.xcassets in Resources */ = {isa = PBXBuildFile; fileRef = 034275671A25558E00B66342 /* Images.xcassets */; };
		0342756B1A25558E00B66342 /* LaunchScreen.xib in Resources */ = {isa = PBXBuildFile; fileRef = 034275691A25558E00B66342 /* LaunchScreen.xib */; };
		034275771A25558F00B66342 /* PhotosPickerTests.m in Sources */ = {isa = PBXBuildFile; fileRef = 034275761A25558F00B66342 /* PhotosPickerTests.m */; };
		034275821A2556D800B66342 /* DLFMasterViewController.m in Sources */ = {isa = PBXBuildFile; fileRef = 034275811A2556D800B66342 /* DLFMasterViewController.m */; };
		034275851A2556F900B66342 /* DLFDetailViewController.m in Sources */ = {isa = PBXBuildFile; fileRef = 034275841A2556F900B66342 /* DLFDetailViewController.m */; };
		034275C11A25688600B66342 /* DLFPhotoCell.m in Sources */ = {isa = PBXBuildFile; fileRef = 034275C01A25688600B66342 /* DLFPhotoCell.m */; };
		034275C71A25BB1B00B66342 /* DLFAssetsLayout.m in Sources */ = {isa = PBXBuildFile; fileRef = 034275C61A25BB1B00B66342 /* DLFAssetsLayout.m */; };
		034275CA1A26BD7B00B66342 /* DLFPhotosSelectionManager.m in Sources */ = {isa = PBXBuildFile; fileRef = 034275C91A26BD7B00B66342 /* DLFPhotosSelectionManager.m */; };
		03BBA6881A286A3D001F83D6 /* DLFPhotosPickerViewController.m in Sources */ = {isa = PBXBuildFile; fileRef = 03BBA6871A286A3D001F83D6 /* DLFPhotosPickerViewController.m */; };
		03BBA68A1A286A8B001F83D6 /* Main.storyboard in Resources */ = {isa = PBXBuildFile; fileRef = 03BBA6891A286A8B001F83D6 /* Main.storyboard */; };
		03BBA68D1A286ABE001F83D6 /* SampleViewController.m in Sources */ = {isa = PBXBuildFile; fileRef = 03BBA68C1A286ABE001F83D6 /* SampleViewController.m */; };
		03FD38241A64EA6C0058D9FA /* DLFPhotosLibrary.m in Sources */ = {isa = PBXBuildFile; fileRef = 03FD38231A64EA6C0058D9FA /* DLFPhotosLibrary.m */; };
/* End PBXBuildFile section */

/* Begin PBXContainerItemProxy section */
		034275711A25558F00B66342 /* PBXContainerItemProxy */ = {
			isa = PBXContainerItemProxy;
			containerPortal = 0342754C1A25558E00B66342 /* Project object */;
			proxyType = 1;
			remoteGlobalIDString = 034275531A25558E00B66342;
			remoteInfo = PhotosPicker;
		};
/* End PBXContainerItemProxy section */

/* Begin PBXFileReference section */
		034275541A25558E00B66342 /* PhotosPicker.app */ = {isa = PBXFileReference; explicitFileType = wrapper.application; includeInIndex = 0; path = PhotosPicker.app; sourceTree = BUILT_PRODUCTS_DIR; };
		034275581A25558E00B66342 /* Info.plist */ = {isa = PBXFileReference; lastKnownFileType = text.plist.xml; path = Info.plist; sourceTree = "<group>"; };
		034275591A25558E00B66342 /* main.m */ = {isa = PBXFileReference; lastKnownFileType = sourcecode.c.objc; path = main.m; sourceTree = "<group>"; };
		0342755B1A25558E00B66342 /* AppDelegate.h */ = {isa = PBXFileReference; lastKnownFileType = sourcecode.c.h; path = AppDelegate.h; sourceTree = "<group>"; };
		0342755C1A25558E00B66342 /* AppDelegate.m */ = {isa = PBXFileReference; lastKnownFileType = sourcecode.c.objc; path = AppDelegate.m; sourceTree = "<group>"; };
		034275651A25558E00B66342 /* Base */ = {isa = PBXFileReference; lastKnownFileType = file.storyboard; name = Base; path = Base.lproj/PhotosPicker.storyboard; sourceTree = "<group>"; };
		034275671A25558E00B66342 /* Images.xcassets */ = {isa = PBXFileReference; lastKnownFileType = folder.assetcatalog; path = Images.xcassets; sourceTree = "<group>"; };
		0342756A1A25558E00B66342 /* Base */ = {isa = PBXFileReference; lastKnownFileType = file.xib; name = Base; path = Base.lproj/LaunchScreen.xib; sourceTree = "<group>"; };
		034275701A25558F00B66342 /* PhotosPickerTests.xctest */ = {isa = PBXFileReference; explicitFileType = wrapper.cfbundle; includeInIndex = 0; path = PhotosPickerTests.xctest; sourceTree = BUILT_PRODUCTS_DIR; };
		034275751A25558F00B66342 /* Info.plist */ = {isa = PBXFileReference; lastKnownFileType = text.plist.xml; path = Info.plist; sourceTree = "<group>"; };
		034275761A25558F00B66342 /* PhotosPickerTests.m */ = {isa = PBXFileReference; lastKnownFileType = sourcecode.c.objc; path = PhotosPickerTests.m; sourceTree = "<group>"; };
		034275801A2556D800B66342 /* DLFMasterViewController.h */ = {isa = PBXFileReference; fileEncoding = 4; lastKnownFileType = sourcecode.c.h; path = DLFMasterViewController.h; sourceTree = "<group>"; };
		034275811A2556D800B66342 /* DLFMasterViewController.m */ = {isa = PBXFileReference; fileEncoding = 4; lastKnownFileType = sourcecode.c.objc; path = DLFMasterViewController.m; sourceTree = "<group>"; };
		034275831A2556F900B66342 /* DLFDetailViewController.h */ = {isa = PBXFileReference; fileEncoding = 4; lastKnownFileType = sourcecode.c.h; path = DLFDetailViewController.h; sourceTree = "<group>"; };
		034275841A2556F900B66342 /* DLFDetailViewController.m */ = {isa = PBXFileReference; fileEncoding = 4; lastKnownFileType = sourcecode.c.objc; path = DLFDetailViewController.m; sourceTree = "<group>"; };
		034275BF1A25688600B66342 /* DLFPhotoCell.h */ = {isa = PBXFileReference; fileEncoding = 4; lastKnownFileType = sourcecode.c.h; path = DLFPhotoCell.h; sourceTree = "<group>"; };
		034275C01A25688600B66342 /* DLFPhotoCell.m */ = {isa = PBXFileReference; fileEncoding = 4; lastKnownFileType = sourcecode.c.objc; path = DLFPhotoCell.m; sourceTree = "<group>"; };
		034275C51A25BB1B00B66342 /* DLFAssetsLayout.h */ = {isa = PBXFileReference; fileEncoding = 4; lastKnownFileType = sourcecode.c.h; path = DLFAssetsLayout.h; sourceTree = "<group>"; };
		034275C61A25BB1B00B66342 /* DLFAssetsLayout.m */ = {isa = PBXFileReference; fileEncoding = 4; lastKnownFileType = sourcecode.c.objc; path = DLFAssetsLayout.m; sourceTree = "<group>"; };
		034275C81A26BD7B00B66342 /* DLFPhotosSelectionManager.h */ = {isa = PBXFileReference; fileEncoding = 4; lastKnownFileType = sourcecode.c.h; path = DLFPhotosSelectionManager.h; sourceTree = "<group>"; };
		034275C91A26BD7B00B66342 /* DLFPhotosSelectionManager.m */ = {isa = PBXFileReference; fileEncoding = 4; lastKnownFileType = sourcecode.c.objc; path = DLFPhotosSelectionManager.m; sourceTree = "<group>"; };
		036128B81A95781D00B39677 /* DLFConstants.h */ = {isa = PBXFileReference; lastKnownFileType = sourcecode.c.h; path = DLFConstants.h; sourceTree = "<group>"; };
		03BBA6861A286A3D001F83D6 /* DLFPhotosPickerViewController.h */ = {isa = PBXFileReference; fileEncoding = 4; lastKnownFileType = sourcecode.c.h; path = DLFPhotosPickerViewController.h; sourceTree = "<group>"; };
		03BBA6871A286A3D001F83D6 /* DLFPhotosPickerViewController.m */ = {isa = PBXFileReference; fileEncoding = 4; lastKnownFileType = sourcecode.c.objc; path = DLFPhotosPickerViewController.m; sourceTree = "<group>"; };
		03BBA6891A286A8B001F83D6 /* Main.storyboard */ = {isa = PBXFileReference; fileEncoding = 4; lastKnownFileType = file.storyboard; path = Main.storyboard; sourceTree = "<group>"; };
		03BBA68B1A286ABE001F83D6 /* SampleViewController.h */ = {isa = PBXFileReference; fileEncoding = 4; lastKnownFileType = sourcecode.c.h; path = SampleViewController.h; sourceTree = "<group>"; };
		03BBA68C1A286ABE001F83D6 /* SampleViewController.m */ = {isa = PBXFileReference; fileEncoding = 4; lastKnownFileType = sourcecode.c.objc; path = SampleViewController.m; sourceTree = "<group>"; };
		03FD38221A64EA6C0058D9FA /* DLFPhotosLibrary.h */ = {isa = PBXFileReference; fileEncoding = 4; lastKnownFileType = sourcecode.c.h; path = DLFPhotosLibrary.h; sourceTree = "<group>"; };
		03FD38231A64EA6C0058D9FA /* DLFPhotosLibrary.m */ = {isa = PBXFileReference; fileEncoding = 4; lastKnownFileType = sourcecode.c.objc; path = DLFPhotosLibrary.m; sourceTree = "<group>"; };
/* End PBXFileReference section */

/* Begin PBXFrameworksBuildPhase section */
		034275511A25558E00B66342 /* Frameworks */ = {
			isa = PBXFrameworksBuildPhase;
			buildActionMask = 2147483647;
			files = (
			);
			runOnlyForDeploymentPostprocessing = 0;
		};
		0342756D1A25558F00B66342 /* Frameworks */ = {
			isa = PBXFrameworksBuildPhase;
			buildActionMask = 2147483647;
			files = (
			);
			runOnlyForDeploymentPostprocessing = 0;
		};
/* End PBXFrameworksBuildPhase section */

/* Begin PBXGroup section */
		0342754B1A25558E00B66342 = {
			isa = PBXGroup;
			children = (
				034275561A25558E00B66342 /* PhotosPicker */,
				034275731A25558F00B66342 /* PhotosPickerTests */,
				034275551A25558E00B66342 /* Products */,
			);
			sourceTree = "<group>";
		};
		034275551A25558E00B66342 /* Products */ = {
			isa = PBXGroup;
			children = (
				034275541A25558E00B66342 /* PhotosPicker.app */,
				034275701A25558F00B66342 /* PhotosPickerTests.xctest */,
			);
			name = Products;
			sourceTree = "<group>";
		};
		034275561A25558E00B66342 /* PhotosPicker */ = {
			isa = PBXGroup;
			children = (
				0342755B1A25558E00B66342 /* AppDelegate.h */,
				0342755C1A25558E00B66342 /* AppDelegate.m */,
				034275671A25558E00B66342 /* Images.xcassets */,
				034275691A25558E00B66342 /* LaunchScreen.xib */,
				034275571A25558E00B66342 /* Supporting Files */,
				034275861A25570000B66342 /* Source */,
				03BBA6891A286A8B001F83D6 /* Main.storyboard */,
				03BBA68B1A286ABE001F83D6 /* SampleViewController.h */,
				03BBA68C1A286ABE001F83D6 /* SampleViewController.m */,
			);
			path = PhotosPicker;
			sourceTree = "<group>";
		};
		034275571A25558E00B66342 /* Supporting Files */ = {
			isa = PBXGroup;
			children = (
				034275581A25558E00B66342 /* Info.plist */,
				034275591A25558E00B66342 /* main.m */,
			);
			name = "Supporting Files";
			sourceTree = "<group>";
		};
		034275731A25558F00B66342 /* PhotosPickerTests */ = {
			isa = PBXGroup;
			children = (
				034275761A25558F00B66342 /* PhotosPickerTests.m */,
				034275741A25558F00B66342 /* Supporting Files */,
			);
			path = PhotosPickerTests;
			sourceTree = "<group>";
		};
		034275741A25558F00B66342 /* Supporting Files */ = {
			isa = PBXGroup;
			children = (
				034275751A25558F00B66342 /* Info.plist */,
			);
			name = "Supporting Files";
			sourceTree = "<group>";
		};
		034275861A25570000B66342 /* Source */ = {
			isa = PBXGroup;
			children = (
				034275641A25558E00B66342 /* PhotosPicker.storyboard */,
				034275801A2556D800B66342 /* DLFMasterViewController.h */,
				034275811A2556D800B66342 /* DLFMasterViewController.m */,
				034275831A2556F900B66342 /* DLFDetailViewController.h */,
				034275841A2556F900B66342 /* DLFDetailViewController.m */,
				034275BF1A25688600B66342 /* DLFPhotoCell.h */,
				034275C01A25688600B66342 /* DLFPhotoCell.m */,
				034275C51A25BB1B00B66342 /* DLFAssetsLayout.h */,
				034275C61A25BB1B00B66342 /* DLFAssetsLayout.m */,
				034275C81A26BD7B00B66342 /* DLFPhotosSelectionManager.h */,
				034275C91A26BD7B00B66342 /* DLFPhotosSelectionManager.m */,
				03BBA6861A286A3D001F83D6 /* DLFPhotosPickerViewController.h */,
				03BBA6871A286A3D001F83D6 /* DLFPhotosPickerViewController.m */,
				03FD38221A64EA6C0058D9FA /* DLFPhotosLibrary.h */,
				03FD38231A64EA6C0058D9FA /* DLFPhotosLibrary.m */,
				036128B81A95781D00B39677 /* DLFConstants.h */,
			);
			path = Source;
			sourceTree = "<group>";
		};
/* End PBXGroup section */

/* Begin PBXNativeTarget section */
		034275531A25558E00B66342 /* PhotosPicker */ = {
			isa = PBXNativeTarget;
			buildConfigurationList = 0342757A1A25558F00B66342 /* Build configuration list for PBXNativeTarget "PhotosPicker" */;
			buildPhases = (
				034275501A25558E00B66342 /* Sources */,
				034275511A25558E00B66342 /* Frameworks */,
				034275521A25558E00B66342 /* Resources */,
			);
			buildRules = (
			);
			dependencies = (
			);
			name = PhotosPicker;
			productName = PhotosPicker;
			productReference = 034275541A25558E00B66342 /* PhotosPicker.app */;
			productType = "com.apple.product-type.application";
		};
		0342756F1A25558F00B66342 /* PhotosPickerTests */ = {
			isa = PBXNativeTarget;
			buildConfigurationList = 0342757D1A25558F00B66342 /* Build configuration list for PBXNativeTarget "PhotosPickerTests" */;
			buildPhases = (
				0342756C1A25558F00B66342 /* Sources */,
				0342756D1A25558F00B66342 /* Frameworks */,
				0342756E1A25558F00B66342 /* Resources */,
			);
			buildRules = (
			);
			dependencies = (
				034275721A25558F00B66342 /* PBXTargetDependency */,
			);
			name = PhotosPickerTests;
			productName = PhotosPickerTests;
			productReference = 034275701A25558F00B66342 /* PhotosPickerTests.xctest */;
			productType = "com.apple.product-type.bundle.unit-test";
		};
/* End PBXNativeTarget section */

/* Begin PBXProject section */
		0342754C1A25558E00B66342 /* Project object */ = {
			isa = PBXProject;
			attributes = {
				LastUpgradeCheck = 0610;
				ORGANIZATIONNAME = Delightful;
				TargetAttributes = {
					034275531A25558E00B66342 = {
						CreatedOnToolsVersion = 6.1;
					};
					0342756F1A25558F00B66342 = {
						CreatedOnToolsVersion = 6.1;
						TestTargetID = 034275531A25558E00B66342;
					};
				};
			};
			buildConfigurationList = 0342754F1A25558E00B66342 /* Build configuration list for PBXProject "PhotosPicker" */;
			compatibilityVersion = "Xcode 3.2";
			developmentRegion = English;
			hasScannedForEncodings = 0;
			knownRegions = (
				en,
				Base,
			);
			mainGroup = 0342754B1A25558E00B66342;
			productRefGroup = 034275551A25558E00B66342 /* Products */;
			projectDirPath = "";
			projectRoot = "";
			targets = (
				034275531A25558E00B66342 /* PhotosPicker */,
				0342756F1A25558F00B66342 /* PhotosPickerTests */,
			);
		};
/* End PBXProject section */

/* Begin PBXResourcesBuildPhase section */
		034275521A25558E00B66342 /* Resources */ = {
			isa = PBXResourcesBuildPhase;
			buildActionMask = 2147483647;
			files = (
				034275661A25558E00B66342 /* PhotosPicker.storyboard in Resources */,
				0342756B1A25558E00B66342 /* LaunchScreen.xib in Resources */,
				034275681A25558E00B66342 /* Images.xcassets in Resources */,
				03BBA68A1A286A8B001F83D6 /* Main.storyboard in Resources */,
			);
			runOnlyForDeploymentPostprocessing = 0;
		};
		0342756E1A25558F00B66342 /* Resources */ = {
			isa = PBXResourcesBuildPhase;
			buildActionMask = 2147483647;
			files = (
			);
			runOnlyForDeploymentPostprocessing = 0;
		};
/* End PBXResourcesBuildPhase section */

/* Begin PBXSourcesBuildPhase section */
		034275501A25558E00B66342 /* Sources */ = {
			isa = PBXSourcesBuildPhase;
			buildActionMask = 2147483647;
			files = (
				0342755D1A25558E00B66342 /* AppDelegate.m in Sources */,
				034275C71A25BB1B00B66342 /* DLFAssetsLayout.m in Sources */,
				03BBA6881A286A3D001F83D6 /* DLFPhotosPickerViewController.m in Sources */,
				034275821A2556D800B66342 /* DLFMasterViewController.m in Sources */,
				0342755A1A25558E00B66342 /* main.m in Sources */,
				034275851A2556F900B66342 /* DLFDetailViewController.m in Sources */,
				034275CA1A26BD7B00B66342 /* DLFPhotosSelectionManager.m in Sources */,
				03FD38241A64EA6C0058D9FA /* DLFPhotosLibrary.m in Sources */,
				034275C11A25688600B66342 /* DLFPhotoCell.m in Sources */,
				03BBA68D1A286ABE001F83D6 /* SampleViewController.m in Sources */,
			);
			runOnlyForDeploymentPostprocessing = 0;
		};
		0342756C1A25558F00B66342 /* Sources */ = {
			isa = PBXSourcesBuildPhase;
			buildActionMask = 2147483647;
			files = (
				034275771A25558F00B66342 /* PhotosPickerTests.m in Sources */,
			);
			runOnlyForDeploymentPostprocessing = 0;
		};
/* End PBXSourcesBuildPhase section */

/* Begin PBXTargetDependency section */
		034275721A25558F00B66342 /* PBXTargetDependency */ = {
			isa = PBXTargetDependency;
			target = 034275531A25558E00B66342 /* PhotosPicker */;
			targetProxy = 034275711A25558F00B66342 /* PBXContainerItemProxy */;
		};
/* End PBXTargetDependency section */

/* Begin PBXVariantGroup section */
		034275641A25558E00B66342 /* PhotosPicker.storyboard */ = {
			isa = PBXVariantGroup;
			children = (
				034275651A25558E00B66342 /* Base */,
			);
			name = PhotosPicker.storyboard;
			path = ..;
			sourceTree = "<group>";
		};
		034275691A25558E00B66342 /* LaunchScreen.xib */ = {
			isa = PBXVariantGroup;
			children = (
				0342756A1A25558E00B66342 /* Base */,
			);
			name = LaunchScreen.xib;
			sourceTree = "<group>";
		};
/* End PBXVariantGroup section */

/* Begin XCBuildConfiguration section */
		034275781A25558F00B66342 /* Debug */ = {
			isa = XCBuildConfiguration;
			buildSettings = {
				ALWAYS_SEARCH_USER_PATHS = NO;
				CLANG_CXX_LANGUAGE_STANDARD = "gnu++0x";
				CLANG_CXX_LIBRARY = "libc++";
				CLANG_ENABLE_MODULES = YES;
				CLANG_ENABLE_OBJC_ARC = YES;
				CLANG_WARN_BOOL_CONVERSION = YES;
				CLANG_WARN_CONSTANT_CONVERSION = YES;
				CLANG_WARN_DIRECT_OBJC_ISA_USAGE = YES_ERROR;
				CLANG_WARN_EMPTY_BODY = YES;
				CLANG_WARN_ENUM_CONVERSION = YES;
				CLANG_WARN_INT_CONVERSION = YES;
				CLANG_WARN_OBJC_ROOT_CLASS = YES_ERROR;
				CLANG_WARN_UNREACHABLE_CODE = YES;
				CLANG_WARN__DUPLICATE_METHOD_MATCH = YES;
				"CODE_SIGN_IDENTITY[sdk=iphoneos*]" = "iPhone Developer";
				COPY_PHASE_STRIP = NO;
				ENABLE_STRICT_OBJC_MSGSEND = YES;
				GCC_C_LANGUAGE_STANDARD = gnu99;
				GCC_DYNAMIC_NO_PIC = NO;
				GCC_OPTIMIZATION_LEVEL = 0;
				GCC_PREPROCESSOR_DEFINITIONS = (
					"DEBUG=1",
					"$(inherited)",
				);
				GCC_SYMBOLS_PRIVATE_EXTERN = NO;
				GCC_WARN_64_TO_32_BIT_CONVERSION = YES;
				GCC_WARN_ABOUT_RETURN_TYPE = YES_ERROR;
				GCC_WARN_UNDECLARED_SELECTOR = YES;
				GCC_WARN_UNINITIALIZED_AUTOS = YES_AGGRESSIVE;
				GCC_WARN_UNUSED_FUNCTION = YES;
				GCC_WARN_UNUSED_VARIABLE = YES;
				IPHONEOS_DEPLOYMENT_TARGET = 8.1;
				MTL_ENABLE_DEBUG_INFO = YES;
				ONLY_ACTIVE_ARCH = YES;
				SDKROOT = iphoneos;
			};
			name = Debug;
		};
		034275791A25558F00B66342 /* Release */ = {
			isa = XCBuildConfiguration;
			buildSettings = {
				ALWAYS_SEARCH_USER_PATHS = NO;
				CLANG_CXX_LANGUAGE_STANDARD = "gnu++0x";
				CLANG_CXX_LIBRARY = "libc++";
				CLANG_ENABLE_MODULES = YES;
				CLANG_ENABLE_OBJC_ARC = YES;
				CLANG_WARN_BOOL_CONVERSION = YES;
				CLANG_WARN_CONSTANT_CONVERSION = YES;
				CLANG_WARN_DIRECT_OBJC_ISA_USAGE = YES_ERROR;
				CLANG_WARN_EMPTY_BODY = YES;
				CLANG_WARN_ENUM_CONVERSION = YES;
				CLANG_WARN_INT_CONVERSION = YES;
				CLANG_WARN_OBJC_ROOT_CLASS = YES_ERROR;
				CLANG_WARN_UNREACHABLE_CODE = YES;
				CLANG_WARN__DUPLICATE_METHOD_MATCH = YES;
				"CODE_SIGN_IDENTITY[sdk=iphoneos*]" = "iPhone Developer";
				COPY_PHASE_STRIP = YES;
				ENABLE_NS_ASSERTIONS = NO;
				ENABLE_STRICT_OBJC_MSGSEND = YES;
				GCC_C_LANGUAGE_STANDARD = gnu99;
				GCC_WARN_64_TO_32_BIT_CONVERSION = YES;
				GCC_WARN_ABOUT_RETURN_TYPE = YES_ERROR;
				GCC_WARN_UNDECLARED_SELECTOR = YES;
				GCC_WARN_UNINITIALIZED_AUTOS = YES_AGGRESSIVE;
				GCC_WARN_UNUSED_FUNCTION = YES;
				GCC_WARN_UNUSED_VARIABLE = YES;
				IPHONEOS_DEPLOYMENT_TARGET = 8.1;
				MTL_ENABLE_DEBUG_INFO = NO;
				SDKROOT = iphoneos;
				VALIDATE_PRODUCT = YES;
			};
			name = Release;
		};
		0342757B1A25558F00B66342 /* Debug */ = {
			isa = XCBuildConfiguration;
			buildSettings = {
				ASSETCATALOG_COMPILER_APPICON_NAME = AppIcon;
				INFOPLIST_FILE = PhotosPicker/Info.plist;
				IPHONEOS_DEPLOYMENT_TARGET = 8.0;
				LD_RUNPATH_SEARCH_PATHS = "$(inherited) @executable_path/Frameworks";
				PRODUCT_NAME = "$(TARGET_NAME)";
				TARGETED_DEVICE_FAMILY = "1,2";
			};
			name = Debug;
		};
		0342757C1A25558F00B66342 /* Release */ = {
			isa = XCBuildConfiguration;
			buildSettings = {
				ASSETCATALOG_COMPILER_APPICON_NAME = AppIcon;
				INFOPLIST_FILE = PhotosPicker/Info.plist;
				IPHONEOS_DEPLOYMENT_TARGET = 8.0;
				LD_RUNPATH_SEARCH_PATHS = "$(inherited) @executable_path/Frameworks";
				PRODUCT_NAME = "$(TARGET_NAME)";
				TARGETED_DEVICE_FAMILY = "1,2";
			};
			name = Release;
		};
		0342757E1A25558F00B66342 /* Debug */ = {
			isa = XCBuildConfiguration;
			buildSettings = {
				BUNDLE_LOADER = "$(TEST_HOST)";
				FRAMEWORK_SEARCH_PATHS = (
					"$(SDKROOT)/Developer/Library/Frameworks",
					"$(inherited)",
				);
				GCC_PREPROCESSOR_DEFINITIONS = (
					"DEBUG=1",
					"$(inherited)",
				);
				INFOPLIST_FILE = PhotosPickerTests/Info.plist;
				LD_RUNPATH_SEARCH_PATHS = "$(inherited) @executable_path/Frameworks @loader_path/Frameworks";
				PRODUCT_NAME = "$(TARGET_NAME)";
				TEST_HOST = "$(BUILT_PRODUCTS_DIR)/PhotosPicker.app/PhotosPicker";
			};
			name = Debug;
		};
		0342757F1A25558F00B66342 /* Release */ = {
			isa = XCBuildConfiguration;
			buildSettings = {
				BUNDLE_LOADER = "$(TEST_HOST)";
				FRAMEWORK_SEARCH_PATHS = (
					"$(SDKROOT)/Developer/Library/Frameworks",
					"$(inherited)",
				);
				INFOPLIST_FILE = PhotosPickerTests/Info.plist;
				LD_RUNPATH_SEARCH_PATHS = "$(inherited) @executable_path/Frameworks @loader_path/Frameworks";
				PRODUCT_NAME = "$(TARGET_NAME)";
				TEST_HOST = "$(BUILT_PRODUCTS_DIR)/PhotosPicker.app/PhotosPicker";
			};
			name = Release;
		};
/* End XCBuildConfiguration section */

/* Begin XCConfigurationList section */
		0342754F1A25558E00B66342 /* Build configuration list for PBXProject "PhotosPicker" */ = {
			isa = XCConfigurationList;
			buildConfigurations = (
				034275781A25558F00B66342 /* Debug */,
				034275791A25558F00B66342 /* Release */,
			);
			defaultConfigurationIsVisible = 0;
			defaultConfigurationName = Release;
		};
		0342757A1A25558F00B66342 /* Build configuration list for PBXNativeTarget "PhotosPicker" */ = {
			isa = XCConfigurationList;
			buildConfigurations = (
				0342757B1A25558F00B66342 /* Debug */,
				0342757C1A25558F00B66342 /* Release */,
			);
			defaultConfigurationIsVisible = 0;
			defaultConfigurationName = Release;
		};
		0342757D1A25558F00B66342 /* Build configuration list for PBXNativeTarget "PhotosPickerTests" */ = {
			isa = XCConfigurationList;
			buildConfigurations = (
				0342757E1A25558F00B66342 /* Debug */,
				0342757F1A25558F00B66342 /* Release */,
			);
			defaultConfigurationIsVisible = 0;
			defaultConfigurationName = Release;
		};
/* End XCConfigurationList section */
	};
	rootObject = 0342754C1A25558E00B66342 /* Project object */;
}
